
Microsoft Visual Studio Solution File, Format Version 12.00
# Visual Studio Version 16
VisualStudioVersion = 16.0.30413.136
MinimumVisualStudioVersion = 10.0.40219.1
Project("{FAE04EC0-301F-11D3-BF4B-00C04F79EFBC}") = "YyFlight.Core.Extensions", "YyFlight.Core.Extensions\YyFlight.Core.Extensions.csproj", "{45BF4CC4-0A8E-4F39-93E0-6C90DC46B922}"
EndProject
Project("{FAE04EC0-301F-11D3-BF4B-00C04F79EFBC}") = "YyFlight.Core.Domain", "YyFlight.Core.Domain\YyFlight.Core.Domain.csproj", "{3F07D945-C837-4CD9-B032-B5E031F89187}"
EndProject
Project("{FAE04EC0-301F-11D3-BF4B-00C04F79EFBC}") = "YyFlight.Core.Services", "YyFlight.Core.Services\YyFlight.Core.Services.csproj", "{27ACA291-06B2-452E-9F4C-8D26C6D28FC6}"
EndProject
Project("{FAE04EC0-301F-11D3-BF4B-00C04F79EFBC}") = "YyFlight.Core.Repository", "YyFlight.Core.Repository\YyFlight.Core.Repository.csproj", "{CACCA4ED-0544-4EEA-9C08-EF1A44F14F53}"
EndProject
Project("{FAE04EC0-301F-11D3-BF4B-00C04F79EFBC}") = "YyFlight.Core.Infrastructure", "YyFlight.Core.Infrastructure\YyFlight.Core.Infrastructure.csproj", "{65B0EEF8-60DD-4E6B-AEF6-8ECAA4859DBF}"
EndProject
Project("{FAE04EC0-301F-11D3-BF4B-00C04F79EFBC}") = "YyFlight.Core.Api", "YyFlight.Core.Api\YyFlight.Core.Api.csproj", "{B2B9E8A5-7BEF-48D2-BB00-E878F64A7B27}"
EndProject
Global
	GlobalSection(SolutionConfigurationPlatforms) = preSolution
		Debug|Any CPU = Debug|Any CPU
		Release|Any CPU = Release|Any CPU
	EndGlobalSection
	GlobalSection(ProjectConfigurationPlatforms) = postSolution
		{45BF4CC4-0A8E-4F39-93E0-6C90DC46B922}.Debug|Any CPU.ActiveCfg = Debug|Any CPU
		{45BF4CC4-0A8E-4F39-93E0-6C90DC46B922}.Debug|Any CPU.Build.0 = Debug|Any CPU
		{45BF4CC4-0A8E-4F39-93E0-6C90DC46B922}.Release|Any CPU.ActiveCfg = Release|Any CPU
		{45BF4CC4-0A8E-4F39-93E0-6C90DC46B922}.Release|Any CPU.Build.0 = Release|Any CPU
		{3F07D945-C837-4CD9-B032-B5E031F89187}.Debug|Any CPU.ActiveCfg = Debug|Any CPU
		{3F07D945-C837-4CD9-B032-B5E031F89187}.Debug|Any CPU.Build.0 = Debug|Any CPU
		{3F07D945-C837-4CD9-B032-B5E031F89187}.Release|Any CPU.ActiveCfg = Release|Any CPU
		{3F07D945-C837-4CD9-B032-B5E031F89187}.Release|Any CPU.Build.0 = Release|Any CPU
		{27ACA291-06B2-452E-9F4C-8D26C6D28FC6}.Debug|Any CPU.ActiveCfg = Debug|Any CPU
		{27ACA291-06B2-452E-9F4C-8D26C6D28FC6}.Debug|Any CPU.Build.0 = Debug|Any CPU
		{27ACA291-06B2-452E-9F4C-8D26C6D28FC6}.Release|Any CPU.ActiveCfg = Release|Any CPU
		{27ACA291-06B2-452E-9F4C-8D26C6D28FC6}.Release|Any CPU.Build.0 = Release|Any CPU
		{CACCA4ED-0544-4EEA-9C08-EF1A44F14F53}.Debug|Any CPU.ActiveCfg = Debug|Any CPU
		{CACCA4ED-0544-4EEA-9C08-EF1A44F14F53}.Debug|Any CPU.Build.0 = Debug|Any CPU
		{CACCA4ED-0544-4EEA-9C08-EF1A44F14F53}.Release|Any CPU.ActiveCfg = Release|Any CPU
		{CACCA4ED-0544-4EEA-9C08-EF1A44F14F53}.Release|Any CPU.Build.0 = Release|Any CPU
		{65B0EEF8-60DD-4E6B-AEF6-8ECAA4859DBF}.Debug|Any CPU.ActiveCfg = Debug|Any CPU
		{65B0EEF8-60DD-4E6B-AEF6-8ECAA4859DBF}.Debug|Any CPU.Build.0 = Debug|Any CPU
		{65B0EEF8-60DD-4E6B-AEF6-8ECAA4859DBF}.Release|Any CPU.ActiveCfg = Release|Any CPU
		{65B0EEF8-60DD-4E6B-AEF6-8ECAA4859DBF}.Release|Any CPU.Build.0 = Release|Any CPU
		{B2B9E8A5-7BEF-48D2-BB00-E878F64A7B27}.Debug|Any CPU.ActiveCfg = Debug|Any CPU
		{B2B9E8A5-7BEF-48D2-BB00-E878F64A7B27}.Debug|Any CPU.Build.0 = Debug|Any CPU
		{B2B9E8A5-7BEF-48D2-BB00-E878F64A7B27}.Release|Any CPU.ActiveCfg = Release|Any CPU
		{B2B9E8A5-7BEF-48D2-BB00-E878F64A7B27}.Release|Any CPU.Build.0 = Release|Any CPU
	EndGlobalSection
	GlobalSection(SolutionProperties) = preSolution
		HideSolutionNode = FALSE
	EndGlobalSection
	GlobalSection(ExtensibilityGlobals) = postSolution
		SolutionGuid = {4F745111-6C19-45C3-B730-16960A1544E4}
	EndGlobalSection
EndGlobal
